
Microsoft Visual Studio Solution File, Format Version 12.00
# Visual Studio Version 16
VisualStudioVersion = 16.0.29613.14
MinimumVisualStudioVersion = 10.0.40219.1
Project("{FAE04EC0-301F-11D3-BF4B-00C04F79EFBC}") = "DZ-DeathMap-Webhook", "DZ-DeathMap-Webhook.csproj", "{427AE720-3D5D-4016-B1B7-27334B03E061}"
EndProject
Global
	GlobalSection(SolutionConfigurationPlatforms) = preSolution
		Debug|Any CPU = Debug|Any CPU
		Release|Any CPU = Release|Any CPU
	EndGlobalSection
	GlobalSection(ProjectConfigurationPlatforms) = postSolution
		{427AE720-3D5D-4016-B1B7-27334B03E061}.Debug|Any CPU.ActiveCfg = Debug|Any CPU
		{427AE720-3D5D-4016-B1B7-27334B03E061}.Debug|Any CPU.Build.0 = Debug|Any CPU
		{427AE720-3D5D-4016-B1B7-27334B03E061}.Release|Any CPU.ActiveCfg = Release|Any CPU
		{427AE720-3D5D-4016-B1B7-27334B03E061}.Release|Any CPU.Build.0 = Release|Any CPU
	EndGlobalSection
	GlobalSection(SolutionProperties) = preSolution
		HideSolutionNode = FALSE
	EndGlobalSection
	GlobalSection(ExtensibilityGlobals) = postSolution
		SolutionGuid = {199AC7E7-4D0C-44B5-AC81-7D4B1974706A}
	EndGlobalSection
EndGlobal
